// !$*UTF8*$!
{
	archiveVersion = 1;
	classes = {
	};
	objectVersion = 55;
	objects = {

/* Begin PBXBuildFile section */
		041D704128B60719000578A2 /* AppDelegate.swift in Sources */ = {isa = PBXBuildFile; fileRef = 041D704028B60719000578A2 /* AppDelegate.swift */; };
		041D704328B60719000578A2 /* SceneDelegate.swift in Sources */ = {isa = PBXBuildFile; fileRef = 041D704228B60719000578A2 /* SceneDelegate.swift */; };
		041D704528B60719000578A2 /* ViewController.swift in Sources */ = {isa = PBXBuildFile; fileRef = 041D704428B60719000578A2 /* ViewController.swift */; };
		041D704828B60719000578A2 /* Main.storyboard in Resources */ = {isa = PBXBuildFile; fileRef = 041D704628B60719000578A2 /* Main.storyboard */; };
		041D704A28B6071B000578A2 /* Assets.xcassets in Resources */ = {isa = PBXBuildFile; fileRef = 041D704928B6071B000578A2 /* Assets.xcassets */; };
		041D704D28B6071B000578A2 /* LaunchScreen.storyboard in Resources */ = {isa = PBXBuildFile; fileRef = 041D704B28B6071B000578A2 /* LaunchScreen.storyboard */; };
		041D705528B60D1D000578A2 /* Global.swift in Sources */ = {isa = PBXBuildFile; fileRef = 041D705428B60D1C000578A2 /* Global.swift */; };
		041D705928B757E7000578A2 /* HomeViewController.swift in Sources */ = {isa = PBXBuildFile; fileRef = 041D705828B757E7000578A2 /* HomeViewController.swift */; };
		041D705F28B76F59000578A2 /* HomeModel.swift in Sources */ = {isa = PBXBuildFile; fileRef = 041D705E28B76F59000578A2 /* HomeModel.swift */; };
		041D706128B77551000578A2 /* BaseViewController.swift in Sources */ = {isa = PBXBuildFile; fileRef = 041D706028B77551000578A2 /* BaseViewController.swift */; };
		041D706428B775AB000578A2 /* WebViewController.xib in Resources */ = {isa = PBXBuildFile; fileRef = 041D706228B775AB000578A2 /* WebViewController.xib */; };
		041D706528B775AB000578A2 /* WebViewController.swift in Sources */ = {isa = PBXBuildFile; fileRef = 041D706328B775AB000578A2 /* WebViewController.swift */; };
		041D706828B77844000578A2 /* CoreLogicViewController.swift in Sources */ = {isa = PBXBuildFile; fileRef = 041D706728B77844000578A2 /* CoreLogicViewController.swift */; };
		2743844F886D05B54A900012 /* Pods_rxswiftLearn.framework in Frameworks */ = {isa = PBXBuildFile; fileRef = A8FE83063B9B6E82080ABDBF /* Pods_rxswiftLearn.framework */; };
/* End PBXBuildFile section */

/* Begin PBXFileReference section */
		041D703D28B60719000578A2 /* rxswiftLearn.app */ = {isa = PBXFileReference; explicitFileType = wrapper.application; includeInIndex = 0; path = rxswiftLearn.app; sourceTree = BUILT_PRODUCTS_DIR; };
		041D704028B60719000578A2 /* AppDelegate.swift */ = {isa = PBXFileReference; lastKnownFileType = sourcecode.swift; path = AppDelegate.swift; sourceTree = "<group>"; };
		041D704228B60719000578A2 /* SceneDelegate.swift */ = {isa = PBXFileReference; lastKnownFileType = sourcecode.swift; path = SceneDelegate.swift; sourceTree = "<group>"; };
		041D704428B60719000578A2 /* ViewController.swift */ = {isa = PBXFileReference; lastKnownFileType = sourcecode.swift; path = ViewController.swift; sourceTree = "<group>"; };
		041D704728B60719000578A2 /* Base */ = {isa = PBXFileReference; lastKnownFileType = file.storyboard; name = Base; path = Base.lproj/Main.storyboard; sourceTree = "<group>"; };
		041D704928B6071B000578A2 /* Assets.xcassets */ = {isa = PBXFileReference; lastKnownFileType = folder.assetcatalog; path = Assets.xcassets; sourceTree = "<group>"; };
		041D704C28B6071B000578A2 /* Base */ = {isa = PBXFileReference; lastKnownFileType = file.storyboard; name = Base; path = Base.lproj/LaunchScreen.storyboard; sourceTree = "<group>"; };
		041D704E28B6071B000578A2 /* Info.plist */ = {isa = PBXFileReference; lastKnownFileType = text.plist.xml; path = Info.plist; sourceTree = "<group>"; };
		041D705428B60D1C000578A2 /* Global.swift */ = {isa = PBXFileReference; fileEncoding = 4; lastKnownFileType = sourcecode.swift; path = Global.swift; sourceTree = "<group>"; };
		041D705828B757E7000578A2 /* HomeViewController.swift */ = {isa = PBXFileReference; lastKnownFileType = sourcecode.swift; path = HomeViewController.swift; sourceTree = "<group>"; };
		041D705E28B76F59000578A2 /* HomeModel.swift */ = {isa = PBXFileReference; lastKnownFileType = sourcecode.swift; path = HomeModel.swift; sourceTree = "<group>"; };
		041D706028B77551000578A2 /* BaseViewController.swift */ = {isa = PBXFileReference; lastKnownFileType = sourcecode.swift; path = BaseViewController.swift; sourceTree = "<group>"; };
		041D706228B775AB000578A2 /* WebViewController.xib */ = {isa = PBXFileReference; fileEncoding = 4; lastKnownFileType = file.xib; path = WebViewController.xib; sourceTree = "<group>"; };
		041D706328B775AB000578A2 /* WebViewController.swift */ = {isa = PBXFileReference; fileEncoding = 4; lastKnownFileType = sourcecode.swift; path = WebViewController.swift; sourceTree = "<group>"; };
		041D706728B77844000578A2 /* CoreLogicViewController.swift */ = {isa = PBXFileReference; lastKnownFileType = sourcecode.swift; path = CoreLogicViewController.swift; sourceTree = "<group>"; };
		714817D2586A5B2BDCCCACCE /* Pods-rxswiftLearn.release.xcconfig */ = {isa = PBXFileReference; includeInIndex = 1; lastKnownFileType = text.xcconfig; name = "Pods-rxswiftLearn.release.xcconfig"; path = "Target Support Files/Pods-rxswiftLearn/Pods-rxswiftLearn.release.xcconfig"; sourceTree = "<group>"; };
		A8FE83063B9B6E82080ABDBF /* Pods_rxswiftLearn.framework */ = {isa = PBXFileReference; explicitFileType = wrapper.framework; includeInIndex = 0; path = Pods_rxswiftLearn.framework; sourceTree = BUILT_PRODUCTS_DIR; };
		F5BCFB49D34140CE050C8012 /* Pods-rxswiftLearn.debug.xcconfig */ = {isa = PBXFileReference; includeInIndex = 1; lastKnownFileType = text.xcconfig; name = "Pods-rxswiftLearn.debug.xcconfig"; path = "Target Support Files/Pods-rxswiftLearn/Pods-rxswiftLearn.debug.xcconfig"; sourceTree = "<group>"; };
/* End PBXFileReference section */

/* Begin PBXFrameworksBuildPhase section */
		041D703A28B60719000578A2 /* Frameworks */ = {
			isa = PBXFrameworksBuildPhase;
			buildActionMask = 2147483647;
			files = (
				2743844F886D05B54A900012 /* Pods_rxswiftLearn.framework in Frameworks */,
			);
			runOnlyForDeploymentPostprocessing = 0;
		};
/* End PBXFrameworksBuildPhase section */

/* Begin PBXGroup section */
		041D703428B60719000578A2 = {
			isa = PBXGroup;
			children = (
				041D703F28B60719000578A2 /* rxswiftLearn */,
				041D703E28B60719000578A2 /* Products */,
				3C11B4AD1806CD06BABEC46C /* Pods */,
				ABA56705268D36A4A6D01F39 /* Frameworks */,
			);
			sourceTree = "<group>";
		};
		041D703E28B60719000578A2 /* Products */ = {
			isa = PBXGroup;
			children = (
				041D703D28B60719000578A2 /* rxswiftLearn.app */,
			);
			name = Products;
			sourceTree = "<group>";
		};
		041D703F28B60719000578A2 /* rxswiftLearn */ = {
			isa = PBXGroup;
			children = (
				041D705A28B7643C000578A2 /* 初探 */,
				041D706628B777E3000578A2 /* 核心逻辑 */,
				041D705B28B76493000578A2 /* Other */,
				041D705428B60D1C000578A2 /* Global.swift */,
				041D704628B60719000578A2 /* Main.storyboard */,
				041D704928B6071B000578A2 /* Assets.xcassets */,
				041D704B28B6071B000578A2 /* LaunchScreen.storyboard */,
				041D704E28B6071B000578A2 /* Info.plist */,
			);
			path = rxswiftLearn;
			sourceTree = "<group>";
		};
		041D705A28B7643C000578A2 /* 初探 */ = {
			isa = PBXGroup;
			children = (
				041D704428B60719000578A2 /* ViewController.swift */,
			);
			path = "初探";
			sourceTree = "<group>";
		};
		041D705B28B76493000578A2 /* Other */ = {
			isa = PBXGroup;
			children = (
				041D704028B60719000578A2 /* AppDelegate.swift */,
				041D704228B60719000578A2 /* SceneDelegate.swift */,
				041D706028B77551000578A2 /* BaseViewController.swift */,
				041D705828B757E7000578A2 /* HomeViewController.swift */,
				041D705E28B76F59000578A2 /* HomeModel.swift */,
				041D706328B775AB000578A2 /* WebViewController.swift */,
				041D706228B775AB000578A2 /* WebViewController.xib */,
			);
			path = Other;
			sourceTree = "<group>";
		};
		041D706628B777E3000578A2 /* 核心逻辑 */ = {
			isa = PBXGroup;
			children = (
				041D706728B77844000578A2 /* CoreLogicViewController.swift */,
			);
			path = "核心逻辑";
			sourceTree = "<group>";
		};
		3C11B4AD1806CD06BABEC46C /* Pods */ = {
			isa = PBXGroup;
			children = (
				F5BCFB49D34140CE050C8012 /* Pods-rxswiftLearn.debug.xcconfig */,
				714817D2586A5B2BDCCCACCE /* Pods-rxswiftLearn.release.xcconfig */,
			);
			path = Pods;
			sourceTree = "<group>";
		};
		ABA56705268D36A4A6D01F39 /* Frameworks */ = {
			isa = PBXGroup;
			children = (
				A8FE83063B9B6E82080ABDBF /* Pods_rxswiftLearn.framework */,
			);
			name = Frameworks;
			sourceTree = "<group>";
		};
/* End PBXGroup section */

/* Begin PBXNativeTarget section */
		041D703C28B60719000578A2 /* rxswiftLearn */ = {
			isa = PBXNativeTarget;
			buildConfigurationList = 041D705128B6071B000578A2 /* Build configuration list for PBXNativeTarget "rxswiftLearn" */;
			buildPhases = (
				CD81CD2233A74EC707ADEBA9 /* [CP] Check Pods Manifest.lock */,
				041D703928B60719000578A2 /* Sources */,
				041D703A28B60719000578A2 /* Frameworks */,
				041D703B28B60719000578A2 /* Resources */,
				1B72A8EBE2D95984FEEBF07D /* [CP] Embed Pods Frameworks */,
			);
			buildRules = (
			);
			dependencies = (
			);
			name = rxswiftLearn;
			productName = rxswiftLearn;
			productReference = 041D703D28B60719000578A2 /* rxswiftLearn.app */;
			productType = "com.apple.product-type.application";
		};
/* End PBXNativeTarget section */

/* Begin PBXProject section */
		041D703528B60719000578A2 /* Project object */ = {
			isa = PBXProject;
			attributes = {
				BuildIndependentTargetsInParallel = 1;
				LastSwiftUpdateCheck = 1330;
				LastUpgradeCheck = 1330;
				TargetAttributes = {
					041D703C28B60719000578A2 = {
						CreatedOnToolsVersion = 13.3.1;
					};
				};
			};
			buildConfigurationList = 041D703828B60719000578A2 /* Build configuration list for PBXProject "rxswiftLearn" */;
			compatibilityVersion = "Xcode 13.0";
			developmentRegion = en;
			hasScannedForEncodings = 0;
			knownRegions = (
				en,
				Base,
			);
			mainGroup = 041D703428B60719000578A2;
			productRefGroup = 041D703E28B60719000578A2 /* Products */;
			projectDirPath = "";
			projectRoot = "";
			targets = (
				041D703C28B60719000578A2 /* rxswiftLearn */,
			);
		};
/* End PBXProject section */

/* Begin PBXResourcesBuildPhase section */
		041D703B28B60719000578A2 /* Resources */ = {
			isa = PBXResourcesBuildPhase;
			buildActionMask = 2147483647;
			files = (
				041D704D28B6071B000578A2 /* LaunchScreen.storyboard in Resources */,
				041D704A28B6071B000578A2 /* Assets.xcassets in Resources */,
				041D704828B60719000578A2 /* Main.storyboard in Resources */,
				041D706428B775AB000578A2 /* WebViewController.xib in Resources */,
			);
			runOnlyForDeploymentPostprocessing = 0;
		};
/* End PBXResourcesBuildPhase section */

/* Begin PBXShellScriptBuildPhase section */
		1B72A8EBE2D95984FEEBF07D /* [CP] Embed Pods Frameworks */ = {
			isa = PBXShellScriptBuildPhase;
			buildActionMask = 2147483647;
			files = (
			);
			inputFileListPaths = (
				"${PODS_ROOT}/Target Support Files/Pods-rxswiftLearn/Pods-rxswiftLearn-frameworks-${CONFIGURATION}-input-files.xcfilelist",
			);
			name = "[CP] Embed Pods Frameworks";
			outputFileListPaths = (
				"${PODS_ROOT}/Target Support Files/Pods-rxswiftLearn/Pods-rxswiftLearn-frameworks-${CONFIGURATION}-output-files.xcfilelist",
			);
			runOnlyForDeploymentPostprocessing = 0;
			shellPath = /bin/sh;
			shellScript = "\"${PODS_ROOT}/Target Support Files/Pods-rxswiftLearn/Pods-rxswiftLearn-frameworks.sh\"\n";
			showEnvVarsInLog = 0;
		};
		CD81CD2233A74EC707ADEBA9 /* [CP] Check Pods Manifest.lock */ = {
			isa = PBXShellScriptBuildPhase;
			buildActionMask = 2147483647;
			files = (
			);
			inputFileListPaths = (
			);
			inputPaths = (
				"${PODS_PODFILE_DIR_PATH}/Podfile.lock",
				"${PODS_ROOT}/Manifest.lock",
			);
			name = "[CP] Check Pods Manifest.lock";
			outputFileListPaths = (
			);
			outputPaths = (
				"$(DERIVED_FILE_DIR)/Pods-rxswiftLearn-checkManifestLockResult.txt",
			);
			runOnlyForDeploymentPostprocessing = 0;
			shellPath = /bin/sh;
			shellScript = "diff \"${PODS_PODFILE_DIR_PATH}/Podfile.lock\" \"${PODS_ROOT}/Manifest.lock\" > /dev/null\nif [ $? != 0 ] ; then\n    # print error to STDERR\n    echo \"error: The sandbox is not in sync with the Podfile.lock. Run 'pod install' or update your CocoaPods installation.\" >&2\n    exit 1\nfi\n# This output is used by Xcode 'outputs' to avoid re-running this script phase.\necho \"SUCCESS\" > \"${SCRIPT_OUTPUT_FILE_0}\"\n";
			showEnvVarsInLog = 0;
		};
/* End PBXShellScriptBuildPhase section */

/* Begin PBXSourcesBuildPhase section */
		041D703928B60719000578A2 /* Sources */ = {
			isa = PBXSourcesBuildPhase;
			buildActionMask = 2147483647;
			files = (
				041D705928B757E7000578A2 /* HomeViewController.swift in Sources */,
				041D705528B60D1D000578A2 /* Global.swift in Sources */,
				041D704528B60719000578A2 /* ViewController.swift in Sources */,
				041D705F28B76F59000578A2 /* HomeModel.swift in Sources */,
				041D704128B60719000578A2 /* AppDelegate.swift in Sources */,
				041D706128B77551000578A2 /* BaseViewController.swift in Sources */,
				041D704328B60719000578A2 /* SceneDelegate.swift in Sources */,
				041D706528B775AB000578A2 /* WebViewController.swift in Sources */,
				041D706828B77844000578A2 /* CoreLogicViewController.swift in Sources */,
			);
			runOnlyForDeploymentPostprocessing = 0;
		};
/* End PBXSourcesBuildPhase section */

/* Begin PBXVariantGroup section */
		041D704628B60719000578A2 /* Main.storyboard */ = {
			isa = PBXVariantGroup;
			children = (
				041D704728B60719000578A2 /* Base */,
			);
			name = Main.storyboard;
			sourceTree = "<group>";
		};
		041D704B28B6071B000578A2 /* LaunchScreen.storyboard */ = {
			isa = PBXVariantGroup;
			children = (
				041D704C28B6071B000578A2 /* Base */,
			);
			name = LaunchScreen.storyboard;
			sourceTree = "<group>";
		};
/* End PBXVariantGroup section */

/* Begin XCBuildConfiguration section */
		041D704F28B6071B000578A2 /* Debug */ = {
			isa = XCBuildConfiguration;
			buildSettings = {
				ALWAYS_SEARCH_USER_PATHS = NO;
				CLANG_ANALYZER_NONNULL = YES;
				CLANG_ANALYZER_NUMBER_OBJECT_CONVERSION = YES_AGGRESSIVE;
				CLANG_CXX_LANGUAGE_STANDARD = "gnu++17";
				CLANG_ENABLE_MODULES = YES;
				CLANG_ENABLE_OBJC_ARC = YES;
				CLANG_ENABLE_OBJC_WEAK = YES;
				CLANG_WARN_BLOCK_CAPTURE_AUTORELEASING = YES;
				CLANG_WARN_BOOL_CONVERSION = YES;
				CLANG_WARN_COMMA = YES;
				CLANG_WARN_CONSTANT_CONVERSION = YES;
				CLANG_WARN_DEPRECATED_OBJC_IMPLEMENTATIONS = YES;
				CLANG_WARN_DIRECT_OBJC_ISA_USAGE = YES_ERROR;
				CLANG_WARN_DOCUMENTATION_COMMENTS = YES;
				CLANG_WARN_EMPTY_BODY = YES;
				CLANG_WARN_ENUM_CONVERSION = YES;
				CLANG_WARN_INFINITE_RECURSION = YES;
				CLANG_WARN_INT_CONVERSION = YES;
				CLANG_WARN_NON_LITERAL_NULL_CONVERSION = YES;
				CLANG_WARN_OBJC_IMPLICIT_RETAIN_SELF = YES;
				CLANG_WARN_OBJC_LITERAL_CONVERSION = YES;
				CLANG_WARN_OBJC_ROOT_CLASS = YES_ERROR;
				CLANG_WARN_QUOTED_INCLUDE_IN_FRAMEWORK_HEADER = YES;
				CLANG_WARN_RANGE_LOOP_ANALYSIS = YES;
				CLANG_WARN_STRICT_PROTOTYPES = YES;
				CLANG_WARN_SUSPICIOUS_MOVE = YES;
				CLANG_WARN_UNGUARDED_AVAILABILITY = YES_AGGRESSIVE;
				CLANG_WARN_UNREACHABLE_CODE = YES;
				CLANG_WARN__DUPLICATE_METHOD_MATCH = YES;
				COPY_PHASE_STRIP = NO;
				DEBUG_INFORMATION_FORMAT = dwarf;
				ENABLE_STRICT_OBJC_MSGSEND = YES;
				ENABLE_TESTABILITY = YES;
				GCC_C_LANGUAGE_STANDARD = gnu11;
				GCC_DYNAMIC_NO_PIC = NO;
				GCC_NO_COMMON_BLOCKS = YES;
				GCC_OPTIMIZATION_LEVEL = 0;
				GCC_PREPROCESSOR_DEFINITIONS = (
					"DEBUG=1",
					"$(inherited)",
				);
				GCC_WARN_64_TO_32_BIT_CONVERSION = YES;
				GCC_WARN_ABOUT_RETURN_TYPE = YES_ERROR;
				GCC_WARN_UNDECLARED_SELECTOR = YES;
				GCC_WARN_UNINITIALIZED_AUTOS = YES_AGGRESSIVE;
				GCC_WARN_UNUSED_FUNCTION = YES;
				GCC_WARN_UNUSED_VARIABLE = YES;
				IPHONEOS_DEPLOYMENT_TARGET = 13.0;
				MTL_ENABLE_DEBUG_INFO = INCLUDE_SOURCE;
				MTL_FAST_MATH = YES;
				ONLY_ACTIVE_ARCH = YES;
				SDKROOT = iphoneos;
				SWIFT_ACTIVE_COMPILATION_CONDITIONS = DEBUG;
				SWIFT_OPTIMIZATION_LEVEL = "-Onone";
			};
			name = Debug;
		};
		041D705028B6071B000578A2 /* Release */ = {
			isa = XCBuildConfiguration;
			buildSettings = {
				ALWAYS_SEARCH_USER_PATHS = NO;
				CLANG_ANALYZER_NONNULL = YES;
				CLANG_ANALYZER_NUMBER_OBJECT_CONVERSION = YES_AGGRESSIVE;
				CLANG_CXX_LANGUAGE_STANDARD = "gnu++17";
				CLANG_ENABLE_MODULES = YES;
				CLANG_ENABLE_OBJC_ARC = YES;
				CLANG_ENABLE_OBJC_WEAK = YES;
				CLANG_WARN_BLOCK_CAPTURE_AUTORELEASING = YES;
				CLANG_WARN_BOOL_CONVERSION = YES;
				CLANG_WARN_COMMA = YES;
				CLANG_WARN_CONSTANT_CONVERSION = YES;
				CLANG_WARN_DEPRECATED_OBJC_IMPLEMENTATIONS = YES;
				CLANG_WARN_DIRECT_OBJC_ISA_USAGE = YES_ERROR;
				CLANG_WARN_DOCUMENTATION_COMMENTS = YES;
				CLANG_WARN_EMPTY_BODY = YES;
				CLANG_WARN_ENUM_CONVERSION = YES;
				CLANG_WARN_INFINITE_RECURSION = YES;
				CLANG_WARN_INT_CONVERSION = YES;
				CLANG_WARN_NON_LITERAL_NULL_CONVERSION = YES;
				CLANG_WARN_OBJC_IMPLICIT_RETAIN_SELF = YES;
				CLANG_WARN_OBJC_LITERAL_CONVERSION = YES;
				CLANG_WARN_OBJC_ROOT_CLASS = YES_ERROR;
				CLANG_WARN_QUOTED_INCLUDE_IN_FRAMEWORK_HEADER = YES;
				CLANG_WARN_RANGE_LOOP_ANALYSIS = YES;
				CLANG_WARN_STRICT_PROTOTYPES = YES;
				CLANG_WARN_SUSPICIOUS_MOVE = YES;
				CLANG_WARN_UNGUARDED_AVAILABILITY = YES_AGGRESSIVE;
				CLANG_WARN_UNREACHABLE_CODE = YES;
				CLANG_WARN__DUPLICATE_METHOD_MATCH = YES;
				COPY_PHASE_STRIP = NO;
				DEBUG_INFORMATION_FORMAT = "dwarf-with-dsym";
				ENABLE_NS_ASSERTIONS = NO;
				ENABLE_STRICT_OBJC_MSGSEND = YES;
				GCC_C_LANGUAGE_STANDARD = gnu11;
				GCC_NO_COMMON_BLOCKS = YES;
				GCC_WARN_64_TO_32_BIT_CONVERSION = YES;
				GCC_WARN_ABOUT_RETURN_TYPE = YES_ERROR;
				GCC_WARN_UNDECLARED_SELECTOR = YES;
				GCC_WARN_UNINITIALIZED_AUTOS = YES_AGGRESSIVE;
				GCC_WARN_UNUSED_FUNCTION = YES;
				GCC_WARN_UNUSED_VARIABLE = YES;
				IPHONEOS_DEPLOYMENT_TARGET = 13.0;
				MTL_ENABLE_DEBUG_INFO = NO;
				MTL_FAST_MATH = YES;
				SDKROOT = iphoneos;
				SWIFT_COMPILATION_MODE = wholemodule;
				SWIFT_OPTIMIZATION_LEVEL = "-O";
				VALIDATE_PRODUCT = YES;
			};
			name = Release;
		};
		041D705228B6071B000578A2 /* Debug */ = {
			isa = XCBuildConfiguration;
			baseConfigurationReference = F5BCFB49D34140CE050C8012 /* Pods-rxswiftLearn.debug.xcconfig */;
			buildSettings = {
				ASSETCATALOG_COMPILER_APPICON_NAME = AppIcon;
				ASSETCATALOG_COMPILER_GLOBAL_ACCENT_COLOR_NAME = AccentColor;
				CODE_SIGN_STYLE = Automatic;
				CURRENT_PROJECT_VERSION = 1;
				GENERATE_INFOPLIST_FILE = YES;
				INFOPLIST_FILE = rxswiftLearn/Info.plist;
				INFOPLIST_KEY_UIApplicationSupportsIndirectInputEvents = YES;
				INFOPLIST_KEY_UILaunchStoryboardName = LaunchScreen;
				INFOPLIST_KEY_UIMainStoryboardFile = Main;
				INFOPLIST_KEY_UISupportedInterfaceOrientations_iPad = "UIInterfaceOrientationPortrait UIInterfaceOrientationPortraitUpsideDown UIInterfaceOrientationLandscapeLeft UIInterfaceOrientationLandscapeRight";
				INFOPLIST_KEY_UISupportedInterfaceOrientations_iPhone = "UIInterfaceOrientationPortrait UIInterfaceOrientationLandscapeLeft UIInterfaceOrientationLandscapeRight";
				LD_RUNPATH_SEARCH_PATHS = (
					"$(inherited)",
					"@executable_path/Frameworks",
				);
				MARKETING_VERSION = 1.0;
				PRODUCT_BUNDLE_IDENTIFIER = com.weiReplaykit2.com.rxswiftLearn;
				PRODUCT_NAME = "$(TARGET_NAME)";
				SWIFT_EMIT_LOC_STRINGS = YES;
				SWIFT_VERSION = 5.0;
				TARGETED_DEVICE_FAMILY = "1,2";
			};
			name = Debug;
		};
		041D705328B6071B000578A2 /* Release */ = {
			isa = XCBuildConfiguration;
			baseConfigurationReference = 714817D2586A5B2BDCCCACCE /* Pods-rxswiftLearn.release.xcconfig */;
			buildSettings = {
				ASSETCATALOG_COMPILER_APPICON_NAME = AppIcon;
				ASSETCATALOG_COMPILER_GLOBAL_ACCENT_COLOR_NAME = AccentColor;
				CODE_SIGN_STYLE = Automatic;
				CURRENT_PROJECT_VERSION = 1;
				GENERATE_INFOPLIST_FILE = YES;
				INFOPLIST_FILE = rxswiftLearn/Info.plist;
				INFOPLIST_KEY_UIApplicationSupportsIndirectInputEvents = YES;
				INFOPLIST_KEY_UILaunchStoryboardName = LaunchScreen;
				INFOPLIST_KEY_UIMainStoryboardFile = Main;
				INFOPLIST_KEY_UISupportedInterfaceOrientations_iPad = "UIInterfaceOrientationPortrait UIInterfaceOrientationPortraitUpsideDown UIInterfaceOrientationLandscapeLeft UIInterfaceOrientationLandscapeRight";
				INFOPLIST_KEY_UISupportedInterfaceOrientations_iPhone = "UIInterfaceOrientationPortrait UIInterfaceOrientationLandscapeLeft UIInterfaceOrientationLandscapeRight";
				LD_RUNPATH_SEARCH_PATHS = (
					"$(inherited)",
					"@executable_path/Frameworks",
				);
				MARKETING_VERSION = 1.0;
				PRODUCT_BUNDLE_IDENTIFIER = com.weiReplaykit2.com.rxswiftLearn;
				PRODUCT_NAME = "$(TARGET_NAME)";
				SWIFT_EMIT_LOC_STRINGS = YES;
				SWIFT_VERSION = 5.0;
				TARGETED_DEVICE_FAMILY = "1,2";
			};
			name = Release;
		};
/* End XCBuildConfiguration section */

/* Begin XCConfigurationList section */
		041D703828B60719000578A2 /* Build configuration list for PBXProject "rxswiftLearn" */ = {
			isa = XCConfigurationList;
			buildConfigurations = (
				041D704F28B6071B000578A2 /* Debug */,
				041D705028B6071B000578A2 /* Release */,
			);
			defaultConfigurationIsVisible = 0;
			defaultConfigurationName = Release;
		};
		041D705128B6071B000578A2 /* Build configuration list for PBXNativeTarget "rxswiftLearn" */ = {
			isa = XCConfigurationList;
			buildConfigurations = (
				041D705228B6071B000578A2 /* Debug */,
				041D705328B6071B000578A2 /* Release */,
			);
			defaultConfigurationIsVisible = 0;
			defaultConfigurationName = Release;
		};
/* End XCConfigurationList section */
	};
	rootObject = 041D703528B60719000578A2 /* Project object */;
}
